
Microsoft Visual Studio Solution File, Format Version 12.00
# Visual Studio Version 17
VisualStudioVersion = 17.3.32804.467
MinimumVisualStudioVersion = 10.0.40219.1
Project("{FAE04EC0-301F-11D3-BF4B-00C04F79EFBC}") = "EnumsExtensions", "EnumsExtensions\EnumsExtensions.csproj", "{5CB1830E-A6EB-43BB-9B81-1F05DFFDC949}"
EndProject
Global
	GlobalSection(SolutionConfigurationPlatforms) = preSolution
		Debug|Any CPU = Debug|Any CPU
		Release|Any CPU = Release|Any CPU
	EndGlobalSection
	GlobalSection(ProjectConfigurationPlatforms) = postSolution
		{5CB1830E-A6EB-43BB-9B81-1F05DFFDC949}.Debug|Any CPU.ActiveCfg = Debug|Any CPU
		{5CB1830E-A6EB-43BB-9B81-1F05DFFDC949}.Debug|Any CPU.Build.0 = Debug|Any CPU
		{5CB1830E-A6EB-43BB-9B81-1F05DFFDC949}.Release|Any CPU.ActiveCfg = Release|Any CPU
		{5CB1830E-A6EB-43BB-9B81-1F05DFFDC949}.Release|Any CPU.Build.0 = Release|Any CPU
	EndGlobalSection
	GlobalSection(SolutionProperties) = preSolution
		HideSolutionNode = FALSE
	EndGlobalSection
	GlobalSection(ExtensibilityGlobals) = postSolution
		SolutionGuid = {9BFB5895-E370-4D99-9DCB-F6985399AFE9}
	EndGlobalSection
EndGlobal
